// !$*UTF8*$!
{
	archiveVersion = 1;
	classes = {
	};
	objectVersion = 46;
	objects = {

/* Begin PBXBuildFile section */
		5E7DCB7D2027589200EA76F2 /* AppDelegate.swift in Sources */ = {isa = PBXBuildFile; fileRef = 5E7DCB7C2027589200EA76F2 /* AppDelegate.swift */; };
		5E7DCB802027589200EA76F2 /* Blog_Reader.xcdatamodeld in Sources */ = {isa = PBXBuildFile; fileRef = 5E7DCB7E2027589200EA76F2 /* Blog_Reader.xcdatamodeld */; };
		5E7DCB822027589200EA76F2 /* MasterViewController.swift in Sources */ = {isa = PBXBuildFile; fileRef = 5E7DCB812027589200EA76F2 /* MasterViewController.swift */; };
		5E7DCB842027589200EA76F2 /* DetailViewController.swift in Sources */ = {isa = PBXBuildFile; fileRef = 5E7DCB832027589200EA76F2 /* DetailViewController.swift */; };
		5E7DCB872027589200EA76F2 /* Main.storyboard in Resources */ = {isa = PBXBuildFile; fileRef = 5E7DCB852027589200EA76F2 /* Main.storyboard */; };
		5E7DCB892027589200EA76F2 /* Assets.xcassets in Resources */ = {isa = PBXBuildFile; fileRef = 5E7DCB882027589200EA76F2 /* Assets.xcassets */; };
		5E7DCB8C2027589200EA76F2 /* LaunchScreen.storyboard in Resources */ = {isa = PBXBuildFile; fileRef = 5E7DCB8A2027589200EA76F2 /* LaunchScreen.storyboard */; };
/* End PBXBuildFile section */

/* Begin PBXFileReference section */
		5E7DCB792027589200EA76F2 /* Blog Reader.app */ = {isa = PBXFileReference; explicitFileType = wrapper.application; includeInIndex = 0; path = "Blog Reader.app"; sourceTree = BUILT_PRODUCTS_DIR; };
		5E7DCB7C2027589200EA76F2 /* AppDelegate.swift */ = {isa = PBXFileReference; lastKnownFileType = sourcecode.swift; path = AppDelegate.swift; sourceTree = "<group>"; };
		5E7DCB7F2027589200EA76F2 /* Blog_Reader.xcdatamodel */ = {isa = PBXFileReference; lastKnownFileType = wrapper.xcdatamodel; path = Blog_Reader.xcdatamodel; sourceTree = "<group>"; };
		5E7DCB812027589200EA76F2 /* MasterViewController.swift */ = {isa = PBXFileReference; lastKnownFileType = sourcecode.swift; path = MasterViewController.swift; sourceTree = "<group>"; };
		5E7DCB832027589200EA76F2 /* DetailViewController.swift */ = {isa = PBXFileReference; lastKnownFileType = sourcecode.swift; path = DetailViewController.swift; sourceTree = "<group>"; };
		5E7DCB862027589200EA76F2 /* Base */ = {isa = PBXFileReference; lastKnownFileType = file.storyboard; name = Base; path = Base.lproj/Main.storyboard; sourceTree = "<group>"; };
		5E7DCB882027589200EA76F2 /* Assets.xcassets */ = {isa = PBXFileReference; lastKnownFileType = folder.assetcatalog; path = Assets.xcassets; sourceTree = "<group>"; };
		5E7DCB8B2027589200EA76F2 /* Base */ = {isa = PBXFileReference; lastKnownFileType = file.storyboard; name = Base; path = Base.lproj/LaunchScreen.storyboard; sourceTree = "<group>"; };
		5E7DCB8D2027589200EA76F2 /* Info.plist */ = {isa = PBXFileReference; lastKnownFileType = text.plist.xml; path = Info.plist; sourceTree = "<group>"; };
/* End PBXFileReference section */

/* Begin PBXFrameworksBuildPhase section */
		5E7DCB762027589200EA76F2 /* Frameworks */ = {
			isa = PBXFrameworksBuildPhase;
			buildActionMask = 2147483647;
			files = (
			);
			runOnlyForDeploymentPostprocessing = 0;
		};
/* End PBXFrameworksBuildPhase section */

/* Begin PBXGroup section */
		5E7DCB702027589200EA76F2 = {
			isa = PBXGroup;
			children = (
				5E7DCB7B2027589200EA76F2 /* Blog Reader */,
				5E7DCB7A2027589200EA76F2 /* Products */,
			);
			sourceTree = "<group>";
		};
		5E7DCB7A2027589200EA76F2 /* Products */ = {
			isa = PBXGroup;
			children = (
				5E7DCB792027589200EA76F2 /* Blog Reader.app */,
			);
			name = Products;
			sourceTree = "<group>";
		};
		5E7DCB7B2027589200EA76F2 /* Blog Reader */ = {
			isa = PBXGroup;
			children = (
				5E7DCB7C2027589200EA76F2 /* AppDelegate.swift */,
				5E7DCB812027589200EA76F2 /* MasterViewController.swift */,
				5E7DCB832027589200EA76F2 /* DetailViewController.swift */,
				5E7DCB852027589200EA76F2 /* Main.storyboard */,
				5E7DCB882027589200EA76F2 /* Assets.xcassets */,
				5E7DCB8A2027589200EA76F2 /* LaunchScreen.storyboard */,
				5E7DCB8D2027589200EA76F2 /* Info.plist */,
				5E7DCB7E2027589200EA76F2 /* Blog_Reader.xcdatamodeld */,
			);
			path = "Blog Reader";
			sourceTree = "<group>";
		};
/* End PBXGroup section */

/* Begin PBXNativeTarget section */
		5E7DCB782027589200EA76F2 /* Blog Reader */ = {
			isa = PBXNativeTarget;
			buildConfigurationList = 5E7DCB902027589200EA76F2 /* Build configuration list for PBXNativeTarget "Blog Reader" */;
			buildPhases = (
				5E7DCB752027589200EA76F2 /* Sources */,
				5E7DCB762027589200EA76F2 /* Frameworks */,
				5E7DCB772027589200EA76F2 /* Resources */,
			);
			buildRules = (
			);
			dependencies = (
			);
			name = "Blog Reader";
			productName = "Blog Reader";
			productReference = 5E7DCB792027589200EA76F2 /* Blog Reader.app */;
			productType = "com.apple.product-type.application";
		};
/* End PBXNativeTarget section */

/* Begin PBXProject section */
		5E7DCB712027589200EA76F2 /* Project object */ = {
			isa = PBXProject;
			attributes = {
				LastSwiftUpdateCheck = 0830;
				LastUpgradeCheck = 0830;
				ORGANIZATIONNAME = "Georgy Khaydenko";
				TargetAttributes = {
					5E7DCB782027589200EA76F2 = {
						CreatedOnToolsVersion = 8.3.1;
						DevelopmentTeam = UBXSN34678;
						ProvisioningStyle = Automatic;
					};
				};
			};
			buildConfigurationList = 5E7DCB742027589200EA76F2 /* Build configuration list for PBXProject "Blog Reader" */;
			compatibilityVersion = "Xcode 3.2";
			developmentRegion = English;
			hasScannedForEncodings = 0;
			knownRegions = (
				en,
				Base,
			);
			mainGroup = 5E7DCB702027589200EA76F2;
			productRefGroup = 5E7DCB7A2027589200EA76F2 /* Products */;
			projectDirPath = "";
			projectRoot = "";
			targets = (
				5E7DCB782027589200EA76F2 /* Blog Reader */,
			);
		};
/* End PBXProject section */

/* Begin PBXResourcesBuildPhase section */
		5E7DCB772027589200EA76F2 /* Resources */ = {
			isa = PBXResourcesBuildPhase;
			buildActionMask = 2147483647;
			files = (
				5E7DCB8C2027589200EA76F2 /* LaunchScreen.storyboard in Resources */,
				5E7DCB892027589200EA76F2 /* Assets.xcassets in Resources */,
				5E7DCB872027589200EA76F2 /* Main.storyboard in Resources */,
			);
			runOnlyForDeploymentPostprocessing = 0;
		};
/* End PBXResourcesBuildPhase section */

/* Begin PBXSourcesBuildPhase section */
		5E7DCB752027589200EA76F2 /* Sources */ = {
			isa = PBXSourcesBuildPhase;
			buildActionMask = 2147483647;
			files = (
				5E7DCB802027589200EA76F2 /* Blog_Reader.xcdatamodeld in Sources */,
				5E7DCB7D2027589200EA76F2 /* AppDelegate.swift in Sources */,
				5E7DCB822027589200EA76F2 /* MasterViewController.swift in Sources */,
				5E7DCB842027589200EA76F2 /* DetailViewController.swift in Sources */,
			);
			runOnlyForDeploymentPostprocessing = 0;
		};
/* End PBXSourcesBuildPhase section */

/* Begin PBXVariantGroup section */
		5E7DCB852027589200EA76F2 /* Main.storyboard */ = {
			isa = PBXVariantGroup;
			children = (
				5E7DCB862027589200EA76F2 /* Base */,
			);
			name = Main.storyboard;
			sourceTree = "<group>";
		};
		5E7DCB8A2027589200EA76F2 /* LaunchScreen.storyboard */ = {
			isa = PBXVariantGroup;
			children = (
				5E7DCB8B2027589200EA76F2 /* Base */,
			);
			name = LaunchScreen.storyboard;
			sourceTree = "<group>";
		};
/* End PBXVariantGroup section */

/* Begin XCBuildConfiguration section */
		5E7DCB8E2027589200EA76F2 /* Debug */ = {
			isa = XCBuildConfiguration;
			buildSettings = {
				ALWAYS_SEARCH_USER_PATHS = NO;
				CLANG_ANALYZER_NONNULL = YES;
				CLANG_ANALYZER_NUMBER_OBJECT_CONVERSION = YES_AGGRESSIVE;
				CLANG_CXX_LANGUAGE_STANDARD = "gnu++0x";
				CLANG_CXX_LIBRARY = "libc++";
				CLANG_ENABLE_MODULES = YES;
				CLANG_ENABLE_OBJC_ARC = YES;
				CLANG_WARN_BOOL_CONVERSION = YES;
				CLANG_WARN_CONSTANT_CONVERSION = YES;
				CLANG_WARN_DIRECT_OBJC_ISA_USAGE = YES_ERROR;
				CLANG_WARN_DOCUMENTATION_COMMENTS = YES;
				CLANG_WARN_EMPTY_BODY = YES;
				CLANG_WARN_ENUM_CONVERSION = YES;
				CLANG_WARN_INFINITE_RECURSION = YES;
				CLANG_WARN_INT_CONVERSION = YES;
				CLANG_WARN_OBJC_ROOT_CLASS = YES_ERROR;
				CLANG_WARN_SUSPICIOUS_MOVE = YES;
				CLANG_WARN_UNREACHABLE_CODE = YES;
				CLANG_WARN__DUPLICATE_METHOD_MATCH = YES;
				"CODE_SIGN_IDENTITY[sdk=iphoneos*]" = "iPhone Developer";
				COPY_PHASE_STRIP = NO;
				DEBUG_INFORMATION_FORMAT = dwarf;
				ENABLE_STRICT_OBJC_MSGSEND = YES;
				ENABLE_TESTABILITY = YES;
				GCC_C_LANGUAGE_STANDARD = gnu99;
				GCC_DYNAMIC_NO_PIC = NO;
				GCC_NO_COMMON_BLOCKS = YES;
				GCC_OPTIMIZATION_LEVEL = 0;
				GCC_PREPROCESSOR_DEFINITIONS = (
					"DEBUG=1",
					"$(inherited)",
				);
				GCC_WARN_64_TO_32_BIT_CONVERSION = YES;
				GCC_WARN_ABOUT_RETURN_TYPE = YES_ERROR;
				GCC_WARN_UNDECLARED_SELECTOR = YES;
				GCC_WARN_UNINITIALIZED_AUTOS = YES_AGGRESSIVE;
				GCC_WARN_UNUSED_FUNCTION = YES;
				GCC_WARN_UNUSED_VARIABLE = YES;
				IPHONEOS_DEPLOYMENT_TARGET = 10.3;
				MTL_ENABLE_DEBUG_INFO = YES;
				ONLY_ACTIVE_ARCH = YES;
				SDKROOT = iphoneos;
				SWIFT_ACTIVE_COMPILATION_CONDITIONS = DEBUG;
				SWIFT_OPTIMIZATION_LEVEL = "-Onone";
				TARGETED_DEVICE_FAMILY = "1,2";
			};
			name = Debug;
		};
		5E7DCB8F2027589200EA76F2 /* Release */ = {
			isa = XCBuildConfiguration;
			buildSettings = {
				ALWAYS_SEARCH_USER_PATHS = NO;
				CLANG_ANALYZER_NONNULL = YES;
				CLANG_ANALYZER_NUMBER_OBJECT_CONVERSION = YES_AGGRESSIVE;
				CLANG_CXX_LANGUAGE_STANDARD = "gnu++0x";
				CLANG_CXX_LIBRARY = "libc++";
				CLANG_ENABLE_MODULES = YES;
				CLANG_ENABLE_OBJC_ARC = YES;
				CLANG_WARN_BOOL_CONVERSION = YES;
				CLANG_WARN_CONSTANT_CONVERSION = YES;
				CLANG_WARN_DIRECT_OBJC_ISA_USAGE = YES_ERROR;
				CLANG_WARN_DOCUMENTATION_COMMENTS = YES;
				CLANG_WARN_EMPTY_BODY = YES;
				CLANG_WARN_ENUM_CONVERSION = YES;
				CLANG_WARN_INFINITE_RECURSION = YES;
				CLANG_WARN_INT_CONVERSION = YES;
				CLANG_WARN_OBJC_ROOT_CLASS = YES_ERROR;
				CLANG_WARN_SUSPICIOUS_MOVE = YES;
				CLANG_WARN_UNREACHABLE_CODE = YES;
				CLANG_WARN__DUPLICATE_METHOD_MATCH = YES;
				"CODE_SIGN_IDENTITY[sdk=iphoneos*]" = "iPhone Developer";
				COPY_PHASE_STRIP = NO;
				DEBUG_INFORMATION_FORMAT = "dwarf-with-dsym";
				ENABLE_NS_ASSERTIONS = NO;
				ENABLE_STRICT_OBJC_MSGSEND = YES;
				GCC_C_LANGUAGE_STANDARD = gnu99;
				GCC_NO_COMMON_BLOCKS = YES;
				GCC_WARN_64_TO_32_BIT_CONVERSION = YES;
				GCC_WARN_ABOUT_RETURN_TYPE = YES_ERROR;
				GCC_WARN_UNDECLARED_SELECTOR = YES;
				GCC_WARN_UNINITIALIZED_AUTOS = YES_AGGRESSIVE;
				GCC_WARN_UNUSED_FUNCTION = YES;
				GCC_WARN_UNUSED_VARIABLE = YES;
				IPHONEOS_DEPLOYMENT_TARGET = 10.3;
				MTL_ENABLE_DEBUG_INFO = NO;
				SDKROOT = iphoneos;
				SWIFT_OPTIMIZATION_LEVEL = "-Owholemodule";
				TARGETED_DEVICE_FAMILY = "1,2";
				VALIDATE_PRODUCT = YES;
			};
			name = Release;
		};
		5E7DCB912027589200EA76F2 /* Debug */ = {
			isa = XCBuildConfiguration;
			buildSettings = {
				ASSETCATALOG_COMPILER_APPICON_NAME = AppIcon;
				DEVELOPMENT_TEAM = UBXSN34678;
				INFOPLIST_FILE = "Blog Reader/Info.plist";
				LD_RUNPATH_SEARCH_PATHS = "$(inherited) @executable_path/Frameworks";
				PRODUCT_BUNDLE_IDENTIFIER = "com.jesterix.Blog-Reader";
				PRODUCT_NAME = "$(TARGET_NAME)";
				SWIFT_VERSION = 3.0;
			};
			name = Debug;
		};
		5E7DCB922027589200EA76F2 /* Release */ = {
			isa = XCBuildConfiguration;
			buildSettings = {
				ASSETCATALOG_COMPILER_APPICON_NAME = AppIcon;
				DEVELOPMENT_TEAM = UBXSN34678;
				INFOPLIST_FILE = "Blog Reader/Info.plist";
				LD_RUNPATH_SEARCH_PATHS = "$(inherited) @executable_path/Frameworks";
				PRODUCT_BUNDLE_IDENTIFIER = "com.jesterix.Blog-Reader";
				PRODUCT_NAME = "$(TARGET_NAME)";
				SWIFT_VERSION = 3.0;
			};
			name = Release;
		};
/* End XCBuildConfiguration section */

/* Begin XCConfigurationList section */
		5E7DCB742027589200EA76F2 /* Build configuration list for PBXProject "Blog Reader" */ = {
			isa = XCConfigurationList;
			buildConfigurations = (
				5E7DCB8E2027589200EA76F2 /* Debug */,
				5E7DCB8F2027589200EA76F2 /* Release */,
			);
			defaultConfigurationIsVisible = 0;
			defaultConfigurationName = Release;
		};
		5E7DCB902027589200EA76F2 /* Build configuration list for PBXNativeTarget "Blog Reader" */ = {
			isa = XCConfigurationList;
			buildConfigurations = (
				5E7DCB912027589200EA76F2 /* Debug */,
				5E7DCB922027589200EA76F2 /* Release */,
			);
			defaultConfigurationIsVisible = 0;
		};
/* End XCConfigurationList section */

/* Begin XCVersionGroup section */
		5E7DCB7E2027589200EA76F2 /* Blog_Reader.xcdatamodeld */ = {
			isa = XCVersionGroup;
			children = (
				5E7DCB7F2027589200EA76F2 /* Blog_Reader.xcdatamodel */,
			);
			currentVersion = 5E7DCB7F2027589200EA76F2 /* Blog_Reader.xcdatamodel */;
			path = Blog_Reader.xcdatamodeld;
			sourceTree = "<group>";
			versionGroupType = wrapper.xcdatamodel;
		};
/* End XCVersionGroup section */
	};
	rootObject = 5E7DCB712027589200EA76F2 /* Project object */;
}
